
Microsoft Visual Studio Solution File, Format Version 12.00
# Visual Studio Version 17
VisualStudioVersion = 17.14.36511.14
MinimumVisualStudioVersion = 10.0.40219.1
Project("{8BC9CEB8-8B4A-11D0-8D11-00A0C91BC942}") = "shared_lib", "shared_lib\shared_lib.vcxproj", "{D354D3EC-E0C7-4B1C-B952-E14EF702C8E7}"
EndProject
Project("{8BC9CEB8-8B4A-11D0-8D11-00A0C91BC942}") = "day1_part1", "day1_part1\day1_part1.vcxproj", "{9C826B92-97E7-48E7-B69A-77AEA11EE117}"
EndProject
Project("{8BC9CEB8-8B4A-11D0-8D11-00A0C91BC942}") = "day1_part2", "day1_part2\day1_part2.vcxproj", "{5D7940F2-E614-4561-9E18-790EDBBC9F8A}"
EndProject
Project("{8BC9CEB8-8B4A-11D0-8D11-00A0C91BC942}") = "day2", "day2\day2.vcxproj", "{A649A916-8B4F-4F1E-A72E-3B23279EF912}"
EndProject
Project("{8BC9CEB8-8B4A-11D0-8D11-00A0C91BC942}") = "day3", "day3\day3.vcxproj", "{52DEB130-94DE-4A78-A3E3-82BECABB7604}"
EndProject
Project("{8BC9CEB8-8B4A-11D0-8D11-00A0C91BC942}") = "day4", "day4\day4.vcxproj", "{203B31D9-55D9-4C37-80FC-D5B0DED73A04}"
EndProject
Project("{8BC9CEB8-8B4A-11D0-8D11-00A0C91BC942}") = "day5", "day5\day5.vcxproj", "{DFC6583F-F426-47D8-A8F5-0AF85C6D3283}"
EndProject
Global
	GlobalSection(SolutionConfigurationPlatforms) = preSolution
		Debug|x64 = Debug|x64
		Release|x64 = Release|x64
	EndGlobalSection
	GlobalSection(ProjectConfigurationPlatforms) = postSolution
		{D354D3EC-E0C7-4B1C-B952-E14EF702C8E7}.Debug|x64.ActiveCfg = Debug|x64
		{D354D3EC-E0C7-4B1C-B952-E14EF702C8E7}.Debug|x64.Build.0 = Debug|x64
		{D354D3EC-E0C7-4B1C-B952-E14EF702C8E7}.Release|x64.ActiveCfg = Release|x64
		{D354D3EC-E0C7-4B1C-B952-E14EF702C8E7}.Release|x64.Build.0 = Release|x64
		{9C826B92-97E7-48E7-B69A-77AEA11EE117}.Debug|x64.ActiveCfg = Debug|x64
		{9C826B92-97E7-48E7-B69A-77AEA11EE117}.Debug|x64.Build.0 = Debug|x64
		{9C826B92-97E7-48E7-B69A-77AEA11EE117}.Release|x64.ActiveCfg = Release|x64
		{9C826B92-97E7-48E7-B69A-77AEA11EE117}.Release|x64.Build.0 = Release|x64
		{5D7940F2-E614-4561-9E18-790EDBBC9F8A}.Debug|x64.ActiveCfg = Debug|x64
		{5D7940F2-E614-4561-9E18-790EDBBC9F8A}.Debug|x64.Build.0 = Debug|x64
		{5D7940F2-E614-4561-9E18-790EDBBC9F8A}.Release|x64.ActiveCfg = Release|x64
		{5D7940F2-E614-4561-9E18-790EDBBC9F8A}.Release|x64.Build.0 = Release|x64
		{A649A916-8B4F-4F1E-A72E-3B23279EF912}.Debug|x64.ActiveCfg = Debug|x64
		{A649A916-8B4F-4F1E-A72E-3B23279EF912}.Debug|x64.Build.0 = Debug|x64
		{A649A916-8B4F-4F1E-A72E-3B23279EF912}.Release|x64.ActiveCfg = Release|x64
		{A649A916-8B4F-4F1E-A72E-3B23279EF912}.Release|x64.Build.0 = Release|x64
		{52DEB130-94DE-4A78-A3E3-82BECABB7604}.Debug|x64.ActiveCfg = Debug|x64
		{52DEB130-94DE-4A78-A3E3-82BECABB7604}.Debug|x64.Build.0 = Debug|x64
		{52DEB130-94DE-4A78-A3E3-82BECABB7604}.Release|x64.ActiveCfg = Release|x64
		{52DEB130-94DE-4A78-A3E3-82BECABB7604}.Release|x64.Build.0 = Release|x64
		{203B31D9-55D9-4C37-80FC-D5B0DED73A04}.Debug|x64.ActiveCfg = Debug|x64
		{203B31D9-55D9-4C37-80FC-D5B0DED73A04}.Debug|x64.Build.0 = Debug|x64
		{203B31D9-55D9-4C37-80FC-D5B0DED73A04}.Release|x64.ActiveCfg = Release|x64
		{203B31D9-55D9-4C37-80FC-D5B0DED73A04}.Release|x64.Build.0 = Release|x64
		{DFC6583F-F426-47D8-A8F5-0AF85C6D3283}.Debug|x64.ActiveCfg = Debug|x64
		{DFC6583F-F426-47D8-A8F5-0AF85C6D3283}.Debug|x64.Build.0 = Debug|x64
		{DFC6583F-F426-47D8-A8F5-0AF85C6D3283}.Release|x64.ActiveCfg = Release|x64
		{DFC6583F-F426-47D8-A8F5-0AF85C6D3283}.Release|x64.Build.0 = Release|x64
	EndGlobalSection
	GlobalSection(SolutionProperties) = preSolution
		HideSolutionNode = FALSE
	EndGlobalSection
	GlobalSection(ExtensibilityGlobals) = postSolution
		SolutionGuid = {472E9501-EDF8-4075-946C-CDFDCA32666C}
	EndGlobalSection
EndGlobal
